msg.welcome_goal 2fa4c25c
msg.welcome_help 00d15fc9
msg.enter bf2aaa65
msg.far_beyond 6120ea37
msg.fountain 5c930330
msg.portal_step dff5aafd
msg.portal_collapse 5d84fb96
msg.portal_open e783e898
msg.see_item 5e916e0a
msg.see_items ce4dc0ee
msg.pickup_gold 66195c0a
msg.pickup_potion 4b6a3783
msg.belt_no_room e9f8dcd6
msg.pickup_scroll 4b6a3783
msg.pickup_item 51efb705
msg.pack_full 675e619f
msg.pack_too_full e0a93df6
msg.nothing_to_pick_up 2a3b4d82
msg.notice_item 95e5832c
msg.explored 77791df3
msg.spot 37168360
msg.boss_destroyed 0d0ada7e
msg.elite_slain 032191cf
msg.monster_dies 745af469
msg.out_of_range 5f8c14ee
msg.no_target c921aef6
msg.no_mana be5a663c
msg.level_up e7d6988e
msg.open_chest 9c413e1f
msg.altar_cold f523c62c
msg.altar_restore 5ff6cb62
msg.altar_xp c5445931
msg.altar_gift 153f4788
msg.slain 0ca176cf
msg.no_healing_potions 2732741e
msg.full_life 816f55c4
msg.drink_healing 23c2e5ac
msg.no_mana_potions cae71505
msg.full_mana c21e30cc
msg.drink_mana 1ab1b08f
msg.already_in_town 3381d153
msg.no_scrolls 659b9eb6
msg.boneking_raises 5efe2b8d
msg.boneking_greets 5072a97c
msg.boneking_dead fed605e2
msg.oracle_reforms fd1c75a4
msg.oracle_lights da2a9f68
msg.oracle_greets 573026b3
msg.oracle_dead 6dc012b2
msg.wanderer_greets 1c769983
msg.wanderer_portal 40ffdaec
msg.wanderer_follows 32ae1576
msg.wanderer_home 27203afa
msg.wanderer_cuts 30bb0712
msg.wanderer_kills 028904ae
msg.wanderer_taunt 03111fa2
msg.town_empty 0279c184
msg.forge_cold 359babcc
msg.wanderer_last_words 299b099e
msg.wanderer_dead b8163b6e
msg.unseal_here 1ff29972
msg.unseal_far 66651874
msg.running 3d9e6b83
msg.voss_reward ecff8226
msg.cannot_afford 21809ccc
msg.belt_full cf7715b5
msg.gamble 7ab64593
msg.reroll 749df64b
msg.bought 9fe9acc8
msg.sold f3087cd2
msg.equip d81b9648
msg.unequip b5ffb006
msg.drop ef849f03
msg.mirela_healthy 4da8e4dc
msg.mirela_free 42978f7d
msg.mirela_broke 7c89072d
msg.mirela_partial 1a26be96
msg.mirela_paid 25af3bbb
ref.the 0316f654
ref.a 83bb3ef7
ref.death_flames 31afaaec
talk.hadrik.greet 339d906d
talk.hadrik.after_oracle c074ae1d
talk.voss.intro 0dcfa8e8
talk.voss.boneking_reward cd34dc38
talk.voss.oracle_reward 70f8575c
talk.voss.after_boneking 3d3ad52e
talk.voss.after_oracle 8f564391
talk.voss.after_wanderer 8e9c44c1
rumor.braziers 33f0632c
rumor.brother e637e96c
rumor.torch 33a18608
rumor.forge d9702692
rumor.glimmer 4b598289
rumor.crystal 8918bb0f
rumor.scroll de3b0657
rumor.stranger 86577f66
rumor.edran e6468a57
rumor.uncle c5012c05
rumor.holding ec7561ba
area.town d0850c2e
area.fields be2fc785
area.marsh c725de86
area.crypt 32d8fb9c
area.throne 890dfeb6
area.grotto 1bffa3f4
area.oracle_pool 23ffe22b
area.abyss 4a0319e1
area.hearth b79cb303
region.town d0850c2e
region.fields fd4e9a03
region.marsh c725de86
region.crypt 0d53631e
region.grotto ad2d53fd
region.abyss 07b17f0b
lore.town ec4be181
lore.fields d35e4521
lore.marsh a9c652d7
lore.crypt 42d9f0eb
lore.grotto 28b59c93
lore.abyss 9ee05daf
lore.hearth f6dfb734
shop.smith 18366892
shop.alch 258973af
item.gold 6c672028
item.healing_potion d0cfcfba
item.mana_potion 606e6585
item.town_portal_scroll 08f63ed0
item.unidentified 92c3e330
item.fresh_stock edd423e4
item.magic 4f7e336a
item.rare d41f9007
item.desc.healing_potion f3c9c9e9
item.desc.mana_potion 71566259
item.desc.town_portal_scroll 880fa5d2
item.desc.unidentified 06c87674
item.desc.fresh_stock 02546122
rarity.rare 19364d6c
rarity.unique c7e38c5c
slot.weapon b96a3381
slot.off_hand dec21bb2
slot.helm 16cdcf6c
slot.armor 94bb88be
slot.gloves 1ec29ec9
slot.boots dc7d058c
slot.ring 2563e8a5
slot.amulet 596c637f
stat.str 24b2c809
stat.dex d4914336
stat.vit 91f4c268
stat.ene 0bb2b287
stat.life d8c4b63a
stat.mana c84e1e59
stat.dmg_pct 8d9975db
stat.flat_dmg 39d821d5
stat.armor f5cf8c77
stat.armor_pct 81bcec65
stat.crit ad19c410
stat.life_steal aba59fa7
stat.light 1736c97a
stat.spell_pct da10693a
stat.life_regen 1c6fdb93
stat.mana_regen 1b52322b
stat.mf 88a0510b
stat.thorns 4c19d774
stat.to_hit 60c53e65
stat.all_attr 3fb0a944
stat.gold_find e4e5dd20
tile_note.door c571b858
tile_note.chest c571b858
tile_note.fountain 0931ab95
tile_note.blood_altar abef8a61
tile_note.brazier 0cbca1d5
tile_note.cold_forge 7838bc38
tile_note.street_lamp 13007194
tile_note.campfire 6525fec8
tile_note.glowing_crystal 12523da3
tile_note.lava f54d8f44
tile_note.deep_water 3d248470
tile_note.shallow_water 6840cdef
tile_note.tree 4a4a138f
tile_note.open_chest 05c036bb
tile_note.grave 6d074d70
help.key.move cdfc7917
help.key.wait ae0cf135
help.key.pickup c6ab5686
help.key.firebolt c4021652
help.key.nova aa18adca
help.key.target ac400d94
help.key.potions 450c9503
help.key.portal ed6bea08
help.key.explore 5441eef5
help.key.inventory ad71141f
help.key.character e9238ddb
help.key.map c1fecde3
help.key.quit 806d1c1a
help.does.move f4a7721b
help.does.wait 663ae479
help.does.pickup d978a8c1
help.does.firebolt 10942371
help.does.nova fb85e1e5
help.does.target 96c43623
help.does.potions d6ed19cf
help.does.portal 7111ab2b
help.does.explore ee4f2b3c
help.does.inventory e3a1a9d6
help.does.character 8df02f44
help.does.map 4e1fd3ae
help.does.quit aedd04c6
help.tip.walk_into ddc0656a
help.tip.talk 74ac8306
help.tip.darkness 2f39e52d
help.tip.names 5c27e04c
help.tip.glow bc6b1cea
help.tip.upgrade 13dff1a8
help.tip.hover c97ee1f1
help.tip.belt 0ce4b978
ui.too_small dcc22633
ui.too_small_now 26613fb9
ui.list_sep 02c30763
ui.esc_close 4842834f
ui.any_key bb5e4e67
ui.currently_equipped 6ba45972
ui.more_above 7412041a
ui.more_below d043a62d
ui.log.repeat 4ba8562d
ui.title.subtitle dca81732
ui.title.begin a28209ff
ui.fx.cut 2570eed4
ui.panel.safe ef839bae
ui.panel.area_level 63266ce3
ui.panel.not_safe cc853aeb
ui.panel.hero 343d4871
ui.panel.life b611f081
ui.panel.mana 3cc1519d
ui.panel.experience c664dd4b
ui.panel.gold c7e6b7c0
ui.panel.belt_portal 91b4e966
ui.panel.belt_heal 9b7c4e7f
ui.panel.belt_mana 3cc1519d
ui.panel.damage 8726ed3f
ui.panel.armor e56811d3
ui.panel.crit a444081d
ui.panel.light 05f6d74e
ui.panel.skills b25e4717
ui.panel.firebolt 027a2ff7
ui.panel.nova 060436cf
ui.panel.mp d777964b
ui.panel.target_lvl 00cb50e6
ui.panel.frozen 20a68ab2
ui.panel.no_enemies 34ee118b
ui.panel.quests 60c8d1b1
ui.panel.keys 9a54aac3
ui.hover.darkness 72624afe
ui.hover.unexplored 9874297e
ui.hover.remembered 2e639467
ui.hover.you c7fe20b3
ui.hover.you_stats e4067977
ui.hover.torch 5ae004f4
ui.hover.townsfolk ba340bcb
ui.hover.rank.normal aa07cb1c
ui.hover.rank.champion 40f058b9
ui.hover.rank.unique d6e8eb66
ui.hover.rank.boss 3cf5d615
ui.hover.hits 28db0947
ui.hover.state.frozen bfd1e4f7
ui.hover.state.unaware 4f23a3af
ui.hover.state.fleeing afd8e6a3
ui.hover.state.ranged 911c6965
ui.hover.state.glows 3d6bf05b
ui.hover.replaces 2f151e00
ui.hover.pick_up 4d4fc7c4
ui.hover.portal 5fbcd28c
ui.hover.leads_back 9c2fd181
ui.hover.leads_to 382e4405
ui.hover.decal.corpse b03b99e8
ui.hover.decal.blood cc7b020a
ui.hover.decal.scorch 5b72fec4
ui.item.damage a80905bb
ui.item.damage_2h de0554d6
ui.item.armor fdebc455
ui.item.footer 9de7d1bc
ui.inv.title abfda7d8
ui.inv.equipped cf193ea9
ui.inv.pack 48331c43
ui.inv.empty 61fe9e8e
ui.inv.new 4dabacde
ui.inv.keys 43f6598b
ui.char.title 0d686521
ui.char.hero 6c6da6af
ui.char.experience f2c64df0
ui.char.attr.str eef9afab
ui.char.attr.dex 979ddf07
ui.char.attr.vit 50d7e843
ui.char.attr.ene d619cddc
ui.char.attr_desc.str 11721dc2
ui.char.attr_desc.dex 4aa8cc2a
ui.char.attr_desc.vit aca18790
ui.char.attr_desc.ene db7c07a5
ui.char.points c5e50495
ui.char.stat.life b611f081
ui.char.stat.mana 3cc1519d
ui.char.stat.damage 3c37f1db
ui.char.stat.firebolt 34c67d9c
ui.char.stat.armor 94bb88be
ui.char.stat.attack 957879e6
ui.char.stat.crit 97c89dcb
ui.char.stat.life_steal 611d99d8
ui.char.stat.magic_find cc773268
ui.char.stat.kills d87fb5d2
ui.shop.buy a8d5e703
ui.shop.sell b27c13bd
ui.shop.gold d4e4f921
ui.shop.empty 4b2e576d
ui.shop.keys 9c2cc667
ui.help.title 612bd926
ui.help.scroll 4485fcd4
ui.dead.title 02d49706
ui.dead.slain_by 90aa4316
ui.dead.summary 74f1f446
ui.dead.where d38f3c03
ui.dead.keys 3602567c
base.dagger 444b7547
base.short_sword 33fed187
base.club a532aa52
base.hand_axe b0f4eb5c
base.mace 4bf2ba2b
base.long_sword 7ebb4328
base.battle_axe 02d169f1
base.war_hammer caa32187
base.great_sword 8c45013a
base.runeblade 19b692c6
base.executioners_axe 0924c4fb
base.doom_flail f31f9541
base.buckler 84817b76
base.kite_shield 399a283f
base.tower_shield 84b1c2ae
base.bone_ward 63e710b0
base.rags bf3f0ab3
base.leather_armor 26253bc2
base.studded_leather e74d4fac
base.ring_mail e81be7e7
base.chain_mail 1d27aa50
base.scale_mail 06433b36
base.plate_mail 340a5234
base.gothic_plate 77cc3f0e
base.cap de27e4bc
base.skull_cap 55b1f44a
base.helm 16cdcf6c
base.great_helm 68afb017
base.grim_visage 985db458
base.leather_gloves f2d5defa
base.chain_gloves ffb45d00
base.gauntlets 27da1c4c
base.boots dc7d058c
base.chain_boots b9d130d0
base.greaves 7a1a8ab6
base.ring 2563e8a5
base.amulet 596c637f
prefix.jagged d95a2d76
prefix.deadly b4746444
prefix.vicious 423b493b
prefix.brutal 0ee0f3ea
prefix.savage 900b1cca
prefix.merciless e0041a18
prefix.sharp 6a01358b
prefix.keen d35b8aae
prefix.cruel 29cbf165
prefix.wicked a72b401a
prefix.bronze b2a9df57
prefix.iron 4d509850
prefix.steel 2df60de8
prefix.silver 498420fc
prefix.gold c4a4edcb
prefix.platinum b3a8495a
prefix.sturdy e1e40719
prefix.strong 9c6c2218
prefix.glorious 0b8ac941
prefix.blessed 4d3c1bfb
prefix.saintly 3359de6c
prefix.godly 48d84fc6
prefix.fine 9b62944d
prefix.warriors 27fd6c45
prefix.soldiers 400ade52
prefix.knights 8252c517
prefix.lords cc49fa6b
prefix.kings 9f390ae1
prefix.lizards b2e04279
prefix.snakes 622220a5
prefix.serpents 65360468
prefix.drakes e763eb4f
prefix.dragons 82b547ee
prefix.smoldering 45922597
prefix.fiery 1e56a53c
prefix.blazing b8b2e569
prefix.infernal 06645aee
prefix.hellfire 37eaf0f1
prefix.honed d0249840
prefix.precise 5fcf8a3f
prefix.lethal fb29fb59
prefix.assassins dcbdd21e
prefix.humming acddfed1
prefix.resonant bc847b8f
prefix.singing 0017d972
suffix.of_the_jackal 7e2c2577
suffix.of_the_fox a3f019f8
suffix.of_the_wolf 2b8d603a
suffix.of_the_tiger 36fac23d
suffix.of_the_mammoth 43163c08
suffix.of_the_whale d85e003c
suffix.of_strength a7ff0229
suffix.of_might 0aa1c5e6
suffix.of_power c7a1312f
suffix.of_the_giant 46407aef
suffix.of_the_titan 4fda968e
suffix.of_dexterity c3d6814c
suffix.of_skill 44e1340d
suffix.of_accuracy 6ce6c047
suffix.of_precision 91ff8ddf
suffix.of_perfection 0618a071
suffix.of_vigor 21597906
suffix.of_vitality 86554bba
suffix.of_zest 84deabd0
suffix.of_life 72691868
suffix.of_the_mind 6aee1cee
suffix.of_energy f92387cf
suffix.of_brilliance 6bce0a60
suffix.of_sorcery 56ed8053
suffix.of_wizardry f34e7861
suffix.of_the_leech f81f1778
suffix.of_the_bat 639ff5f4
suffix.of_the_vampire f2e27602
suffix.of_light 46d3b35d
suffix.of_radiance 7d2cbff7
suffix.of_the_sun c38df444
suffix.of_regeneration 4e0b8478
suffix.of_renewal b6238c7d
suffix.of_the_troll d5b33a91
suffix.of_fortune 76d1eedb
suffix.of_luck 15996dc6
suffix.of_greed 604d7f2a
suffix.of_thorns 201aaa6c
suffix.of_spikes be6ba263
suffix.of_retribution 83beda05
suffix.of_the_sky 1b6c4f37
suffix.of_the_moon 4ddd037a
suffix.of_the_stars b9cdc008
suffix.of_the_heavens 0fdcd964
suffix.of_wealth 2dc4d649
suffix.of_avarice 5a055137
rare.first.grim 279660c8
rare.first.doom 189613bd
rare.first.blood c61fe562
rare.first.storm 4e89939f
rare.first.death edbc30b5
rare.first.shadow 6e831cd1
rare.first.rune 198d871c
rare.first.gloom 1d36680f
rare.first.bone 04206852
rare.first.ash 315e7f14
rare.first.raven 30c353a2
rare.first.soul e0b1e4ad
rare.first.dread c8477872
rare.first.havoc 18df97a3
rare.first.wraith bf0d9ae2
rare.first.corpse b4dd514a
rare.first.ember d7ed824e
rare.first.venom 28d355c2
rare.first.night 3442ec39
rare.first.hollow b5bd16ab
rare.first.cinder 5c90d50e
rare.first.pale 40ebc085
rare.second.bite 4fdda656
rare.second.edge 549814df
rare.second.fang f782b8fc
rare.second.song e4b60482
rare.second.reaver 12718bf9
rare.second.cleaver af046a21
rare.second.thirst e997a65a
rare.second.kiss 18eae776
rare.second.needle abc56ad6
rare.second.ward a4bdc1ae
rare.second.bulwark ebc9543a
rare.second.aegis 144e3f02
rare.second.guard b735f3fb
rare.second.wall 6ac52754
rare.second.shell cf338714
rare.second.coat 6748655f
rare.second.hide be7df09e
rare.second.carapace 7d10419f
rare.second.mantle 80108ba9
rare.second.shroud 0c8b3ef4
rare.second.crown 4a4ad4ec
rare.second.visor f95297fb
rare.second.cowl 54f7734a
rare.second.brow fc3bec8b
rare.second.horn 073667f1
rare.second.grip d6b6a126
rare.second.fist 9665784c
rare.second.hand a77e1612
rare.second.claw f6450fb4
rare.second.knuckle 14f10f39
rare.second.stride 7208dc82
rare.second.track ae2714b9
rare.second.trail 3b597cbc
rare.second.spur 3a99b91a
rare.second.tread 93e97fe3
rare.second.loop 43cb24c8
rare.second.coil 81a4fae2
rare.second.band aabb357b
rare.second.circle 859f90a0
rare.second.spiral 3f22bd4d
rare.second.eye 903a4242
rare.second.heart 8789b1fb
rare.second.charm cdfcd786
rare.second.talisman c2bb8762
rare.second.star 5065a2a2
unique.last_wanderers_shroud.name fae0874e
unique.last_wanderers_shroud.flavor 27340f1b
unique.wanderers_shroud.name 9047788f
unique.wanderers_shroud.flavor 019ca047
unique.shard_of_night.name 1c269ae5
unique.shard_of_night.flavor b26907e9
unique.hollow_crown.name 488eb6ab
unique.hollow_crown.flavor c94d5323
unique.emberbrand.name e06a1b0e
unique.emberbrand.flavor c238ed53
unique.the_last_lantern.name 452761a2
unique.the_last_lantern.flavor 082744b9
unique.moonstride.name 3df5d5bb
unique.moonstride.flavor c6c72c85
unique.band_of_ashes.name 4836152d
unique.band_of_ashes.flavor 2eb5ba60
unique.gravewardens_coat.name efe5bfda
unique.gravewardens_coat.flavor ec4d29d9
unique.eye_of_the_deep.name a6b508fe
unique.eye_of_the_deep.flavor b18280a3
unique.crown_of_the_drowned.name 69bd9f29
unique.crown_of_the_drowned.flavor 3db9ca2f
unique.bloodfist.name e74d258a
unique.bloodfist.flavor d07b6a01
unique.kingsbane.name b632b0a4
unique.kingsbane.flavor 7a5177d7
unique.starfall_plate.name 0d07d67a
unique.starfall_plate.flavor 7ef56cf9
gamble.weapon b96a3381
gamble.shield d244f33c
gamble.helm 16cdcf6c
gamble.armor 94bb88be
gamble.gloves 1ec29ec9
gamble.boots dc7d058c
gamble.ring 2563e8a5
gamble.amulet 596c637f
monster.rat 0d4118db
monster.bat b0088ae9
monster.fallen 0980f3ad
monster.shaman b823efb5
monster.zombie 423cc6b1
monster.wolf 130dc079
monster.skel feda10b7
monster.archer e47ae5d5
monster.ghoul a59d3533
monster.cultist 372226c0
monster.wraith bf0d9ae2
monster.wisp 2d79c386
monster.drowned bf5c3622
monster.horror 9bdfbf3c
monster.spider 93e07476
monster.golem 4a837758
monster.imp 363fc872
monster.hellspawn d039b7f9
monster.boneking 4cd34e9d
monster.oracle 5504201b
monster.wanderer 995a0ce5
monster.smith 75470033
monster.alch 955073ba
monster.captain a76da01d
monster.villager 00a30ef8
unique_monster.name cfc1d61c
unique_monster.first.bloodmaw 153e8aca
unique_monster.first.grimtooth fb37ea13
unique_monster.first.ashfang 1a152b82
unique_monster.first.hollowgrin 7ad06155
unique_monster.first.rotgut 94849138
unique_monster.first.blackvein be7041a6
unique_monster.first.skullcleave 1988e8f3
unique_monster.first.mournwind 8bff7681
unique_monster.first.gravelurk e3a1153a
unique_monster.first.emberskull 6b366562
unique_monster.first.frostmarrow 8ab092d5
unique_monster.first.dreadhowl 14a39a5a
unique_monster.first.cinderjaw 8a0950a3
unique_monster.first.wormheart c1a69b08
unique_monster.last.the_hungry 8f0a7eb2
unique_monster.last.the_vile 980f327e
unique_monster.last.the_unburied 1bd842d0
unique_monster.last.the_defiler 00aff02f
unique_monster.last.the_pale ccb96e39
unique_monster.last.the_cruel d6cdeb61
unique_monster.last.the_wretched 1b3a7aab
unique_monster.last.the_weeping 994a2758
unique_monster.last.the_gnawer cd9e2bb2
mod.extra_strong 392f3fb2
mod.swift 0236a02c
mod.stone_skin c5d2070e
mod.fire_enchanted 53457812
mod.vampiric 2f8c9a68
hit.bites 6223c41e
hit.stabs 433f68eb
hit.hurls_fire_at d25ac8a2
hit.claws 3bec5544
hit.mauls a41301c6
hit.slashes e92b9f2f
hit.shoots f79c1758
hit.rends ec3c634b
hit.casts_fire_at 54a5df90
hit.chills 6b43250a
hit.shocks 9e545e48
hit.grasps 9d6954df
hit.crushes a80c6116
hit.pummels 64f7c6cc
hit.spits_fire_at 79cbd8b2
hit.cleaves 35005f1d
hit.smites e0783f36
hit.drowns fb1ade7b
hit.cuts 85f3303b
hit.hits 74a22c9b
hit.burn 99a10985
tile.void 1f385a5a
tile.stone_floor e22d82fe
tile.wall 4280b38a
tile.door 8afea91e
tile.open_door d68571a3
tile.stairs_down 818140e9
tile.stairs_up 9fd9df30
tile.grass dc5b8b04
tile.dirt 3a0d248b
tile.cobblestones 1cb552bf
tile.wooden_floor db3527c1
tile.tree 5901648d
tile.dead_tree d98bf88a
tile.boulder 0c8b8a8f
tile.shallow_water 2a007b6b
tile.deep_water 67e08cae
tile.bridge a68aa6df
tile.lava 7be05c0a
tile.mud 49ade829
tile.reeds 0aafb614
tile.cave_floor 78ed9a7b
tile.cave_wall 2def119d
tile.glowing_crystal 2d6d29b3
tile.brazier b668c852
tile.street_lamp 3aba5ce9
tile.campfire d7d4df3d
tile.fountain 54e30e61
tile.grave 67ca6af9
tile.pillar 08e38ed9
tile.chest cb5bd0b4
tile.open_chest 8eae04a7
tile.town_wall ac9910ac
tile.bones d6e8afe5
tile.rubble 53b9c312
tile.path_onward 09e8a775
tile.carpet 9fa94b76
tile.shelf 3181a8df
tile.blood_altar bda5def1
tile.cold_forge d86c687d
